
Microsoft Visual Studio Solution File, Format Version 12.00
# Visual Studio Version 17
VisualStudioVersion = 17.6.33626.354
MinimumVisualStudioVersion = 10.0.40219.1
Project("{FAE04EC0-301F-11D3-BF4B-00C04F79EFBC}") = "AwesomeConstructors", "AwesomeConstructors\AwesomeConstructors.csproj", "{D5A50316-4301-428B-8CDF-65BB5271419A}"
EndProject
Global
	GlobalSection(SolutionConfigurationPlatforms) = preSolution
		Debug|Any CPU = Debug|Any CPU
		Release|Any CPU = Release|Any CPU
	EndGlobalSection
	GlobalSection(ProjectConfigurationPlatforms) = postSolution
		{D5A50316-4301-428B-8CDF-65BB5271419A}.Debug|Any CPU.ActiveCfg = Debug|Any CPU
		{D5A50316-4301-428B-8CDF-65BB5271419A}.Debug|Any CPU.Build.0 = Debug|Any CPU
		{D5A50316-4301-428B-8CDF-65BB5271419A}.Release|Any CPU.ActiveCfg = Release|Any CPU
		{D5A50316-4301-428B-8CDF-65BB5271419A}.Release|Any CPU.Build.0 = Release|Any CPU
	EndGlobalSection
	GlobalSection(SolutionProperties) = preSolution
		HideSolutionNode = FALSE
	EndGlobalSection
	GlobalSection(ExtensibilityGlobals) = postSolution
		SolutionGuid = {82A77C86-ED88-43A9-8F7E-946F3A923C08}
	EndGlobalSection
EndGlobal
